{
  "name": "pictonode",
  "lockfileVersion": 2,
  "requires": true,
  "packages": {
    "": {
      "workspaces": [
        "frontend/pictonode-web-frontend",
        "libraries/libnode"
      ]
    },
    "libraries/libnode": {
      "version": "1.0.0",
      "license": "AGPL-3.0-or-later",
      "devDependencies": {
        "typescript": "^4.9.3"
      }
    },
    "libraries/pictotypes": {
      "version": "0.0.1",
      "extraneous": true,
      "license": "N/A",
      "devDependencies": {
        "@types/chai": "^4.3.3",
        "@types/mocha": "^10.0.0",
        "@types/node": "^18.11.3",
        "@typescript-eslint/eslint-plugin": "^5.0.0",
        "chai": "^4.3.6",
        "eslint": "^8.0.1",
        "eslint-config-standard-with-typescript": "^23.0.0",
        "eslint-plugin-import": "^2.25.2",
        "eslint-plugin-n": "^15.0.0",
        "eslint-plugin-promise": "^6.0.0",
        "mocha": "^10.1.0",
        "prettier": "^2.7.1",
        "ts-node": "^10.9.1",
        "tsconfig-paths": "^4.1.0",
        "typescript": "*"
      }
    },
    "node_modules/libnode": {
      "resolved": "libraries/libnode",
      "link": true
    },
    "node_modules/typescript": {
      "version": "4.9.3",
      "resolved": "https://registry.npmjs.org/typescript/-/typescript-4.9.3.tgz",
      "integrity": "sha512-CIfGzTelbKNEnLpLdGFgdyKhG23CKdKgQPOBc+OUNrkJ2vr+KSzsSV5kq5iWhEQbok+quxgGzrAtGWCyU7tHnA==",
      "dev": true,
      "bin": {
        "tsc": "bin/tsc",
        "tsserver": "bin/tsserver"
      },
      "engines": {
        "node": ">=4.2.0"
      }
    }
  },
  "dependencies": {
    "libnode": {
      "version": "file:libraries/libnode",
      "requires": {
        "typescript": "^4.9.3"
      }
    },
    "typescript": {
      "version": "4.9.3",
      "resolved": "https://registry.npmjs.org/typescript/-/typescript-4.9.3.tgz",
      "integrity": "sha512-CIfGzTelbKNEnLpLdGFgdyKhG23CKdKgQPOBc+OUNrkJ2vr+KSzsSV5kq5iWhEQbok+quxgGzrAtGWCyU7tHnA==",
      "dev": true
    }
  }
}
